
Microsoft Visual Studio Solution File, Format Version 12.00
# Visual Studio Version 16
VisualStudioVersion = 16.0.30523.141
MinimumVisualStudioVersion = 10.0.40219.1
Project("{FAE04EC0-301F-11D3-BF4B-00C04F79EFBC}") = "Game", "Game\Game.csproj", "{B49AC4B5-DD57-4659-A2F6-EF4A0D85625C}"
EndProject
Global
	GlobalSection(SolutionConfigurationPlatforms) = preSolution
		Debug|Any CPU = Debug|Any CPU
		Release|Any CPU = Release|Any CPU
	EndGlobalSection
	GlobalSection(ProjectConfigurationPlatforms) = postSolution
		{B49AC4B5-DD57-4659-A2F6-EF4A0D85625C}.Debug|Any CPU.ActiveCfg = Debug|Any CPU
		{B49AC4B5-DD57-4659-A2F6-EF4A0D85625C}.Debug|Any CPU.Build.0 = Debug|Any CPU
		{B49AC4B5-DD57-4659-A2F6-EF4A0D85625C}.Release|Any CPU.ActiveCfg = Release|Any CPU
		{B49AC4B5-DD57-4659-A2F6-EF4A0D85625C}.Release|Any CPU.Build.0 = Release|Any CPU
	EndGlobalSection
	GlobalSection(SolutionProperties) = preSolution
		HideSolutionNode = FALSE
	EndGlobalSection
	GlobalSection(ExtensibilityGlobals) = postSolution
		SolutionGuid = {49272DD4-F19F-4F05-A256-9BE1E05832FA}
	EndGlobalSection
EndGlobal
